
Microsoft Visual Studio Solution File, Format Version 12.00
# Visual Studio Version 17
VisualStudioVersion = 17.9.34616.47
MinimumVisualStudioVersion = 10.0.40219.1
Project("{FAE04EC0-301F-11D3-BF4B-00C04F79EFBC}") = "WinFormMySQLConnection", "WinFormMySQLConnection.csproj", "{5F21DC33-8358-4A77-BA8A-523B7F3F5710}"
EndProject
Project("{FAE04EC0-301F-11D3-BF4B-00C04F79EFBC}") = "CommDBLib", "..\CommDBLib\CommDBLib.csproj", "{52018773-9091-4CBE-B010-45477258585B}"
EndProject
Global
	GlobalSection(SolutionConfigurationPlatforms) = preSolution
		Debug|Any CPU = Debug|Any CPU
		Release|Any CPU = Release|Any CPU
	EndGlobalSection
	GlobalSection(ProjectConfigurationPlatforms) = postSolution
		{5F21DC33-8358-4A77-BA8A-523B7F3F5710}.Debug|Any CPU.ActiveCfg = Debug|Any CPU
		{5F21DC33-8358-4A77-BA8A-523B7F3F5710}.Debug|Any CPU.Build.0 = Debug|Any CPU
		{5F21DC33-8358-4A77-BA8A-523B7F3F5710}.Release|Any CPU.ActiveCfg = Release|Any CPU
		{5F21DC33-8358-4A77-BA8A-523B7F3F5710}.Release|Any CPU.Build.0 = Release|Any CPU
		{52018773-9091-4CBE-B010-45477258585B}.Debug|Any CPU.ActiveCfg = Debug|Any CPU
		{52018773-9091-4CBE-B010-45477258585B}.Debug|Any CPU.Build.0 = Debug|Any CPU
		{52018773-9091-4CBE-B010-45477258585B}.Release|Any CPU.ActiveCfg = Release|Any CPU
		{52018773-9091-4CBE-B010-45477258585B}.Release|Any CPU.Build.0 = Release|Any CPU
	EndGlobalSection
	GlobalSection(SolutionProperties) = preSolution
		HideSolutionNode = FALSE
	EndGlobalSection
	GlobalSection(ExtensibilityGlobals) = postSolution
		SolutionGuid = {02162A2D-CEAE-423C-9440-4FB9B013522B}
	EndGlobalSection
EndGlobal
